
Microsoft Visual Studio Solution File, Format Version 12.00
# Visual Studio 14
VisualStudioVersion = 14.0.25420.1
MinimumVisualStudioVersion = 10.0.40219.1
Project("{FAE04EC0-301F-11D3-BF4B-00C04F79EFBC}") = "Contribution.Web", "Contribution.Web\Contribution.Web.csproj", "{EB371248-93EA-4FE3-A956-51CFCD2D12DA}"
EndProject
Project("{FAE04EC0-301F-11D3-BF4B-00C04F79EFBC}") = "Contribution.Core", "Contribution.Core\Contribution.Core.csproj", "{5A41C839-4738-4EBB-AE17-8A3AC8B84C78}"
EndProject
Project("{FAE04EC0-301F-11D3-BF4B-00C04F79EFBC}") = "Contribution.Data", "Contribution.Data\Contribution.Data.csproj", "{B9E7F307-FD4B-4FF9-8EEC-DBD85BD8BF5A}"
EndProject
Project("{FAE04EC0-301F-11D3-BF4B-00C04F79EFBC}") = "Contribution.Infrastructure", "Contribution.Infrastructure\Contribution.Infrastructure.csproj", "{66014EF5-4A4A-4CED-AF5A-9D8A8E681680}"
EndProject
Global
	GlobalSection(SolutionConfigurationPlatforms) = preSolution
		Debug|Any CPU = Debug|Any CPU
		Release|Any CPU = Release|Any CPU
	EndGlobalSection
	GlobalSection(ProjectConfigurationPlatforms) = postSolution
		{EB371248-93EA-4FE3-A956-51CFCD2D12DA}.Debug|Any CPU.ActiveCfg = Debug|Any CPU
		{EB371248-93EA-4FE3-A956-51CFCD2D12DA}.Debug|Any CPU.Build.0 = Debug|Any CPU
		{EB371248-93EA-4FE3-A956-51CFCD2D12DA}.Release|Any CPU.ActiveCfg = Release|Any CPU
		{EB371248-93EA-4FE3-A956-51CFCD2D12DA}.Release|Any CPU.Build.0 = Release|Any CPU
		{5A41C839-4738-4EBB-AE17-8A3AC8B84C78}.Debug|Any CPU.ActiveCfg = Debug|Any CPU
		{5A41C839-4738-4EBB-AE17-8A3AC8B84C78}.Debug|Any CPU.Build.0 = Debug|Any CPU
		{5A41C839-4738-4EBB-AE17-8A3AC8B84C78}.Release|Any CPU.ActiveCfg = Release|Any CPU
		{5A41C839-4738-4EBB-AE17-8A3AC8B84C78}.Release|Any CPU.Build.0 = Release|Any CPU
		{B9E7F307-FD4B-4FF9-8EEC-DBD85BD8BF5A}.Debug|Any CPU.ActiveCfg = Debug|Any CPU
		{B9E7F307-FD4B-4FF9-8EEC-DBD85BD8BF5A}.Debug|Any CPU.Build.0 = Debug|Any CPU
		{B9E7F307-FD4B-4FF9-8EEC-DBD85BD8BF5A}.Release|Any CPU.ActiveCfg = Release|Any CPU
		{B9E7F307-FD4B-4FF9-8EEC-DBD85BD8BF5A}.Release|Any CPU.Build.0 = Release|Any CPU
		{66014EF5-4A4A-4CED-AF5A-9D8A8E681680}.Debug|Any CPU.ActiveCfg = Debug|Any CPU
		{66014EF5-4A4A-4CED-AF5A-9D8A8E681680}.Debug|Any CPU.Build.0 = Debug|Any CPU
		{66014EF5-4A4A-4CED-AF5A-9D8A8E681680}.Release|Any CPU.ActiveCfg = Release|Any CPU
		{66014EF5-4A4A-4CED-AF5A-9D8A8E681680}.Release|Any CPU.Build.0 = Release|Any CPU
	EndGlobalSection
	GlobalSection(SolutionProperties) = preSolution
		HideSolutionNode = FALSE
	EndGlobalSection
EndGlobal
